
Microsoft Visual Studio Solution File, Format Version 12.00
# Visual Studio Version 16
VisualStudioVersion = 16.0.29102.190
MinimumVisualStudioVersion = 10.0.40219.1
Project("{8BC9CEB8-8B4A-11D0-8D11-00A0C91BC942}") = "Practica1", "Practica1\Practica1.vcxproj", "{AE8B27A1-33DF-42AC-9D6A-B4CD622C8CFB}"
EndProject
Global
	GlobalSection(SolutionConfigurationPlatforms) = preSolution
		Debug|x64 = Debug|x64
		Debug|x86 = Debug|x86
		Release|x64 = Release|x64
		Release|x86 = Release|x86
	EndGlobalSection
	GlobalSection(ProjectConfigurationPlatforms) = postSolution
		{AE8B27A1-33DF-42AC-9D6A-B4CD622C8CFB}.Debug|x64.ActiveCfg = Debug|x64
		{AE8B27A1-33DF-42AC-9D6A-B4CD622C8CFB}.Debug|x64.Build.0 = Debug|x64
		{AE8B27A1-33DF-42AC-9D6A-B4CD622C8CFB}.Debug|x86.ActiveCfg = Debug|Win32
		{AE8B27A1-33DF-42AC-9D6A-B4CD622C8CFB}.Debug|x86.Build.0 = Debug|Win32
		{AE8B27A1-33DF-42AC-9D6A-B4CD622C8CFB}.Release|x64.ActiveCfg = Release|x64
		{AE8B27A1-33DF-42AC-9D6A-B4CD622C8CFB}.Release|x64.Build.0 = Release|x64
		{AE8B27A1-33DF-42AC-9D6A-B4CD622C8CFB}.Release|x86.ActiveCfg = Release|Win32
		{AE8B27A1-33DF-42AC-9D6A-B4CD622C8CFB}.Release|x86.Build.0 = Release|Win32
	EndGlobalSection
	GlobalSection(SolutionProperties) = preSolution
		HideSolutionNode = FALSE
	EndGlobalSection
	GlobalSection(ExtensibilityGlobals) = postSolution
		SolutionGuid = {FBCA6A7A-DD28-46BD-9C0F-86C46F10C13D}
	EndGlobalSection
EndGlobal
